PODS:
  - JoUIKit (0.0.10)
  - SnapKit (4.0.0)

DEPENDENCIES:
  - JoUIKit
  - SnapKit

SPEC REPOS:
  https://github.com/cocoapods/specs.git:
    - JoUIKit
    - SnapKit

SPEC CHECKSUMS:
  JoUIKit: 11ca8c3f4398e540619608800b2ec00959abe6a5
  SnapKit: a42d492c16e80209130a3379f73596c3454b7694

PODFILE CHECKSUM: 8ac2e3c1a3d6c82aa290fde73b02e051b608fe4e

COCOAPODS: 1.5.3
